version = 1
revision = 2
requires-python = ">=3.10"

[[package]]
name = "markdown"
version = "3.8.1"
source = { registry = "https://pypi.org/simple" }
sdist = { url = "https://files.pythonhosted.org/packages/db/7c/0738e5ff0adccd0b4e02c66d0446c03a3c557e02bb49b7c263d7ab56c57d/markdown-3.8.1.tar.gz", hash = "sha256:a2e2f01cead4828ee74ecca9623045f62216aef2212a7685d6eb9163f590b8c1", size = 361280, upload-time = "2025-06-18T14:50:49.618Z" }
wheels = [
    { url = "https://files.pythonhosted.org/packages/50/34/3d1ff0cb4843a33817d06800e9383a2b2a2df4d508e37f53a40e829905d9/markdown-3.8.1-py3-none-any.whl", hash = "sha256:46cc0c0f1e5211ab2e9d453582f0b28a1bfaf058a9f7d5c50386b99b588d8811", size = 106642, upload-time = "2025-06-18T14:50:48.52Z" },
]

[[package]]
name = "mdpreview"
version = "0.1.0"
source = { editable = "." }
dependencies = [
    { name = "markdown" },
    { name = "pygments" },
]

[package.metadata]
requires-dist = [
    { name = "markdown", specifier = ">=3.5.0" },
    { name = "pygments", specifier = ">=2.15.0" },
]

[[package]]
name = "pygments"
version = "2.19.1"
source = { registry = "https://pypi.org/simple" }
sdist = { url = "https://files.pythonhosted.org/packages/7c/2d/c3338d48ea6cc0feb8446d8e6937e1408088a72a39937982cc6111d17f84/pygments-2.19.1.tar.gz", hash = "sha256:61c16d2a8576dc0649d9f39e089b5f02bcd27fba10d8fb4dcc28173f7a45151f", size = 4968581, upload-time = "2025-01-06T17:26:30.443Z" }
wheels = [
    { url = "https://files.pythonhosted.org/packages/8a/0b/9fcc47d19c48b59121088dd6da2488a49d5f72dacf8262e2790a1d2c7d15/pygments-2.19.1-py3-none-any.whl", hash = "sha256:9ea1544ad55cecf4b8242fab6dd35a93bbce657034b0611ee383099054ab6d8c", size = 1225293, upload-time = "2025-01-06T17:26:25.553Z" },
]
